// !$*UTF8*$!
{
	archiveVersion = 1;
	classes = {
	};
	objectVersion = 46;
	objects = {

/* Begin PBXBuildFile section */
		06484F751E54AB2C0011C460 /* main.m in Sources */ = {isa = PBXBuildFile; fileRef = 06484F741E54AB2C0011C460 /* main.m */; };
		06484F781E54AB2C0011C460 /* AppDelegate.m in Sources */ = {isa = PBXBuildFile; fileRef = 06484F771E54AB2C0011C460 /* AppDelegate.m */; };
		06484F7B1E54AB2C0011C460 /* ViewController.m in Sources */ = {isa = PBXBuildFile; fileRef = 06484F7A1E54AB2C0011C460 /* ViewController.m */; };
		06484F7E1E54AB2C0011C460 /* Main.storyboard in Resources */ = {isa = PBXBuildFile; fileRef = 06484F7C1E54AB2C0011C460 /* Main.storyboard */; };
		06484F801E54AB2C0011C460 /* Assets.xcassets in Resources */ = {isa = PBXBuildFile; fileRef = 06484F7F1E54AB2C0011C460 /* Assets.xcassets */; };
		06484F831E54AB2C0011C460 /* LaunchScreen.storyboard in Resources */ = {isa = PBXBuildFile; fileRef = 06484F811E54AB2C0011C460 /* LaunchScreen.storyboard */; };
/* End PBXBuildFile section */

/* Begin PBXFileReference section */
		06484F701E54AB2C0011C460 /* UIButtonEdgeInsets.app */ = {isa = PBXFileReference; explicitFileType = wrapper.application; includeInIndex = 0; path = UIButtonEdgeInsets.app; sourceTree = BUILT_PRODUCTS_DIR; };
		06484F741E54AB2C0011C460 /* main.m */ = {isa = PBXFileReference; lastKnownFileType = sourcecode.c.objc; path = main.m; sourceTree = "<group>"; };
		06484F761E54AB2C0011C460 /* AppDelegate.h */ = {isa = PBXFileReference; lastKnownFileType = sourcecode.c.h; path = AppDelegate.h; sourceTree = "<group>"; };
		06484F771E54AB2C0011C460 /* AppDelegate.m */ = {isa = PBXFileReference; lastKnownFileType = sourcecode.c.objc; path = AppDelegate.m; sourceTree = "<group>"; };
		06484F791E54AB2C0011C460 /* ViewController.h */ = {isa = PBXFileReference; lastKnownFileType = sourcecode.c.h; path = ViewController.h; sourceTree = "<group>"; };
		06484F7A1E54AB2C0011C460 /* ViewController.m */ = {isa = PBXFileReference; lastKnownFileType = sourcecode.c.objc; path = ViewController.m; sourceTree = "<group>"; };
		06484F7D1E54AB2C0011C460 /* Base */ = {isa = PBXFileReference; lastKnownFileType = file.storyboard; name = Base; path = Base.lproj/Main.storyboard; sourceTree = "<group>"; };
		06484F7F1E54AB2C0011C460 /* Assets.xcassets */ = {isa = PBXFileReference; lastKnownFileType = folder.assetcatalog; path = Assets.xcassets; sourceTree = "<group>"; };
		06484F821E54AB2C0011C460 /* Base */ = {isa = PBXFileReference; lastKnownFileType = file.storyboard; name = Base; path = Base.lproj/LaunchScreen.storyboard; sourceTree = "<group>"; };
		06484F841E54AB2C0011C460 /* Info.plist */ = {isa = PBXFileReference; lastKnownFileType = text.plist.xml; path = Info.plist; sourceTree = "<group>"; };
/* End PBXFileReference section */

/* Begin PBXFrameworksBuildPhase section */
		06484F6D1E54AB2C0011C460 /* Frameworks */ = {
			isa = PBXFrameworksBuildPhase;
			buildActionMask = 2147483647;
			files = (
			);
			runOnlyForDeploymentPostprocessing = 0;
		};
/* End PBXFrameworksBuildPhase section */

/* Begin PBXGroup section */
		06484F671E54AB2C0011C460 = {
			isa = PBXGroup;
			children = (
				06484F721E54AB2C0011C460 /* UIButtonEdgeInsets */,
				06484F711E54AB2C0011C460 /* Products */,
			);
			sourceTree = "<group>";
		};
		06484F711E54AB2C0011C460 /* Products */ = {
			isa = PBXGroup;
			children = (
				06484F701E54AB2C0011C460 /* UIButtonEdgeInsets.app */,
			);
			name = Products;
			sourceTree = "<group>";
		};
		06484F721E54AB2C0011C460 /* UIButtonEdgeInsets */ = {
			isa = PBXGroup;
			children = (
				06484F761E54AB2C0011C460 /* AppDelegate.h */,
				06484F771E54AB2C0011C460 /* AppDelegate.m */,
				06484F791E54AB2C0011C460 /* ViewController.h */,
				06484F7A1E54AB2C0011C460 /* ViewController.m */,
				06484F7C1E54AB2C0011C460 /* Main.storyboard */,
				06484F7F1E54AB2C0011C460 /* Assets.xcassets */,
				06484F811E54AB2C0011C460 /* LaunchScreen.storyboard */,
				06484F841E54AB2C0011C460 /* Info.plist */,
				06484F731E54AB2C0011C460 /* Supporting Files */,
			);
			path = UIButtonEdgeInsets;
			sourceTree = "<group>";
		};
		06484F731E54AB2C0011C460 /* Supporting Files */ = {
			isa = PBXGroup;
			children = (
				06484F741E54AB2C0011C460 /* main.m */,
			);
			name = "Supporting Files";
			sourceTree = "<group>";
		};
/* End PBXGroup section */

/* Begin PBXNativeTarget section */
		06484F6F1E54AB2C0011C460 /* UIButtonEdgeInsets */ = {
			isa = PBXNativeTarget;
			buildConfigurationList = 06484F871E54AB2C0011C460 /* Build configuration list for PBXNativeTarget "UIButtonEdgeInsets" */;
			buildPhases = (
				06484F6C1E54AB2C0011C460 /* Sources */,
				06484F6D1E54AB2C0011C460 /* Frameworks */,
				06484F6E1E54AB2C0011C460 /* Resources */,
			);
			buildRules = (
			);
			dependencies = (
			);
			name = UIButtonEdgeInsets;
			productName = UIButtonEdgeInsets;
			productReference = 06484F701E54AB2C0011C460 /* UIButtonEdgeInsets.app */;
			productType = "com.apple.product-type.application";
		};
/* End PBXNativeTarget section */

/* Begin PBXProject section */
		06484F681E54AB2C0011C460 /* Project object */ = {
			isa = PBXProject;
			attributes = {
				LastUpgradeCheck = 0820;
				ORGANIZATIONNAME = "李达";
				TargetAttributes = {
					06484F6F1E54AB2C0011C460 = {
						CreatedOnToolsVersion = 8.2;
						DevelopmentTeam = 649YL6VHKC;
						ProvisioningStyle = Automatic;
					};
				};
			};
			buildConfigurationList = 06484F6B1E54AB2C0011C460 /* Build configuration list for PBXProject "UIButtonEdgeInsets" */;
			compatibilityVersion = "Xcode 3.2";
			developmentRegion = English;
			hasScannedForEncodings = 0;
			knownRegions = (
				en,
				Base,
			);
			mainGroup = 06484F671E54AB2C0011C460;
			productRefGroup = 06484F711E54AB2C0011C460 /* Products */;
			projectDirPath = "";
			projectRoot = "";
			targets = (
				06484F6F1E54AB2C0011C460 /* UIButtonEdgeInsets */,
			);
		};
/* End PBXProject section */

/* Begin PBXResourcesBuildPhase section */
		06484F6E1E54AB2C0011C460 /* Resources */ = {
			isa = PBXResourcesBuildPhase;
			buildActionMask = 2147483647;
			files = (
				06484F831E54AB2C0011C460 /* LaunchScreen.storyboard in Resources */,
				06484F801E54AB2C0011C460 /* Assets.xcassets in Resources */,
				06484F7E1E54AB2C0011C460 /* Main.storyboard in Resources */,
			);
			runOnlyForDeploymentPostprocessing = 0;
		};
/* End PBXResourcesBuildPhase section */

/* Begin PBXSourcesBuildPhase section */
		06484F6C1E54AB2C0011C460 /* Sources */ = {
			isa = PBXSourcesBuildPhase;
			buildActionMask = 2147483647;
			files = (
				06484F7B1E54AB2C0011C460 /* ViewController.m in Sources */,
				06484F781E54AB2C0011C460 /* AppDelegate.m in Sources */,
				06484F751E54AB2C0011C460 /* main.m in Sources */,
			);
			runOnlyForDeploymentPostprocessing = 0;
		};
/* End PBXSourcesBuildPhase section */

/* Begin PBXVariantGroup section */
		06484F7C1E54AB2C0011C460 /* Main.storyboard */ = {
			isa = PBXVariantGroup;
			children = (
				06484F7D1E54AB2C0011C460 /* Base */,
			);
			name = Main.storyboard;
			sourceTree = "<group>";
		};
		06484F811E54AB2C0011C460 /* LaunchScreen.storyboard */ = {
			isa = PBXVariantGroup;
			children = (
				06484F821E54AB2C0011C460 /* Base */,
			);
			name = LaunchScreen.storyboard;
			sourceTree = "<group>";
		};
/* End PBXVariantGroup section */

/* Begin XCBuildConfiguration section */
		06484F851E54AB2C0011C460 /* Debug */ = {
			isa = XCBuildConfiguration;
			buildSettings = {
				ALWAYS_SEARCH_USER_PATHS = NO;
				CLANG_ANALYZER_NONNULL = YES;
				CLANG_CXX_LANGUAGE_STANDARD = "gnu++0x";
				CLANG_CXX_LIBRARY = "libc++";
				CLANG_ENABLE_MODULES = YES;
				CLANG_ENABLE_OBJC_ARC = YES;
				CLANG_WARN_BOOL_CONVERSION = YES;
				CLANG_WARN_CONSTANT_CONVERSION = YES;
				CLANG_WARN_DIRECT_OBJC_ISA_USAGE = YES_ERROR;
				CLANG_WARN_DOCUMENTATION_COMMENTS = YES;
				CLANG_WARN_EMPTY_BODY = YES;
				CLANG_WARN_ENUM_CONVERSION = YES;
				CLANG_WARN_INFINITE_RECURSION = YES;
				CLANG_WARN_INT_CONVERSION = YES;
				CLANG_WARN_OBJC_ROOT_CLASS = YES_ERROR;
				CLANG_WARN_SUSPICIOUS_MOVE = YES;
				CLANG_WARN_UNREACHABLE_CODE = YES;
				CLANG_WARN__DUPLICATE_METHOD_MATCH = YES;
				"CODE_SIGN_IDENTITY[sdk=iphoneos*]" = "iPhone Developer";
				COPY_PHASE_STRIP = NO;
				DEBUG_INFORMATION_FORMAT = dwarf;
				ENABLE_STRICT_OBJC_MSGSEND = YES;
				ENABLE_TESTABILITY = YES;
				GCC_C_LANGUAGE_STANDARD = gnu99;
				GCC_DYNAMIC_NO_PIC = NO;
				GCC_NO_COMMON_BLOCKS = YES;
				GCC_OPTIMIZATION_LEVEL = 0;
				GCC_PREPROCESSOR_DEFINITIONS = (
					"DEBUG=1",
					"$(inherited)",
				);
				GCC_WARN_64_TO_32_BIT_CONVERSION = YES;
				GCC_WARN_ABOUT_RETURN_TYPE = YES_ERROR;
				GCC_WARN_UNDECLARED_SELECTOR = YES;
				GCC_WARN_UNINITIALIZED_AUTOS = YES_AGGRESSIVE;
				GCC_WARN_UNUSED_FUNCTION = YES;
				GCC_WARN_UNUSED_VARIABLE = YES;
				IPHONEOS_DEPLOYMENT_TARGET = 10.2;
				MTL_ENABLE_DEBUG_INFO = YES;
				ONLY_ACTIVE_ARCH = YES;
				SDKROOT = iphoneos;
			};
			name = Debug;
		};
		06484F861E54AB2C0011C460 /* Release */ = {
			isa = XCBuildConfiguration;
			buildSettings = {
				ALWAYS_SEARCH_USER_PATHS = NO;
				CLANG_ANALYZER_NONNULL = YES;
				CLANG_CXX_LANGUAGE_STANDARD = "gnu++0x";
				CLANG_CXX_LIBRARY = "libc++";
				CLANG_ENABLE_MODULES = YES;
				CLANG_ENABLE_OBJC_ARC = YES;
				CLANG_WARN_BOOL_CONVERSION = YES;
				CLANG_WARN_CONSTANT_CONVERSION = YES;
				CLANG_WARN_DIRECT_OBJC_ISA_USAGE = YES_ERROR;
				CLANG_WARN_DOCUMENTATION_COMMENTS = YES;
				CLANG_WARN_EMPTY_BODY = YES;
				CLANG_WARN_ENUM_CONVERSION = YES;
				CLANG_WARN_INFINITE_RECURSION = YES;
				CLANG_WARN_INT_CONVERSION = YES;
				CLANG_WARN_OBJC_ROOT_CLASS = YES_ERROR;
				CLANG_WARN_SUSPICIOUS_MOVE = YES;
				CLANG_WARN_UNREACHABLE_CODE = YES;
				CLANG_WARN__DUPLICATE_METHOD_MATCH = YES;
				"CODE_SIGN_IDENTITY[sdk=iphoneos*]" = "iPhone Developer";
				COPY_PHASE_STRIP = NO;
				DEBUG_INFORMATION_FORMAT = "dwarf-with-dsym";
				ENABLE_NS_ASSERTIONS = NO;
				ENABLE_STRICT_OBJC_MSGSEND = YES;
				GCC_C_LANGUAGE_STANDARD = gnu99;
				GCC_NO_COMMON_BLOCKS = YES;
				GCC_WARN_64_TO_32_BIT_CONVERSION = YES;
				GCC_WARN_ABOUT_RETURN_TYPE = YES_ERROR;
				GCC_WARN_UNDECLARED_SELECTOR = YES;
				GCC_WARN_UNINITIALIZED_AUTOS = YES_AGGRESSIVE;
				GCC_WARN_UNUSED_FUNCTION = YES;
				GCC_WARN_UNUSED_VARIABLE = YES;
				IPHONEOS_DEPLOYMENT_TARGET = 10.2;
				MTL_ENABLE_DEBUG_INFO = NO;
				SDKROOT = iphoneos;
				VALIDATE_PRODUCT = YES;
			};
			name = Release;
		};
		06484F881E54AB2C0011C460 /* Debug */ = {
			isa = XCBuildConfiguration;
			buildSettings = {
				ASSETCATALOG_COMPILER_APPICON_NAME = AppIcon;
				DEVELOPMENT_TEAM = 649YL6VHKC;
				INFOPLIST_FILE = UIButtonEdgeInsets/Info.plist;
				LD_RUNPATH_SEARCH_PATHS = "$(inherited) @executable_path/Frameworks";
				PRODUCT_BUNDLE_IDENTIFIER = freedani.UIButtonEdgeInsets;
				PRODUCT_NAME = "$(TARGET_NAME)";
			};
			name = Debug;
		};
		06484F891E54AB2C0011C460 /* Release */ = {
			isa = XCBuildConfiguration;
			buildSettings = {
				ASSETCATALOG_COMPILER_APPICON_NAME = AppIcon;
				DEVELOPMENT_TEAM = 649YL6VHKC;
				INFOPLIST_FILE = UIButtonEdgeInsets/Info.plist;
				LD_RUNPATH_SEARCH_PATHS = "$(inherited) @executable_path/Frameworks";
				PRODUCT_BUNDLE_IDENTIFIER = freedani.UIButtonEdgeInsets;
				PRODUCT_NAME = "$(TARGET_NAME)";
			};
			name = Release;
		};
/* End XCBuildConfiguration section */

/* Begin XCConfigurationList section */
		06484F6B1E54AB2C0011C460 /* Build configuration list for PBXProject "UIButtonEdgeInsets" */ = {
			isa = XCConfigurationList;
			buildConfigurations = (
				06484F851E54AB2C0011C460 /* Debug */,
				06484F861E54AB2C0011C460 /* Release */,
			);
			defaultConfigurationIsVisible = 0;
			defaultConfigurationName = Release;
		};
		06484F871E54AB2C0011C460 /* Build configuration list for PBXNativeTarget "UIButtonEdgeInsets" */ = {
			isa = XCConfigurationList;
			buildConfigurations = (
				06484F881E54AB2C0011C460 /* Debug */,
				06484F891E54AB2C0011C460 /* Release */,
			);
			defaultConfigurationIsVisible = 0;
		};
/* End XCConfigurationList section */
	};
	rootObject = 06484F681E54AB2C0011C460 /* Project object */;
}
