// !$*UTF8*$!
{
	archiveVersion = 1;
	classes = {
	};
	objectVersion = 46;
	objects = {

/* Begin PBXBuildFile section */
		06C2B3971E9E66FD0074783F /* main.m in Sources */ = {isa = PBXBuildFile; fileRef = 06C2B3961E9E66FD0074783F /* main.m */; };
		06C2B39A1E9E66FD0074783F /* AppDelegate.m in Sources */ = {isa = PBXBuildFile; fileRef = 06C2B3991E9E66FD0074783F /* AppDelegate.m */; };
		06C2B3A01E9E66FD0074783F /* Main.storyboard in Resources */ = {isa = PBXBuildFile; fileRef = 06C2B39E1E9E66FD0074783F /* Main.storyboard */; };
		06C2B3A21E9E66FD0074783F /* Assets.xcassets in Resources */ = {isa = PBXBuildFile; fileRef = 06C2B3A11E9E66FD0074783F /* Assets.xcassets */; };
		06C2B3A51E9E66FD0074783F /* LaunchScreen.storyboard in Resources */ = {isa = PBXBuildFile; fileRef = 06C2B3A31E9E66FD0074783F /* LaunchScreen.storyboard */; };
		06C2B3AF1E9F636C0074783F /* ChatListTableViewCell.m in Sources */ = {isa = PBXBuildFile; fileRef = 06C2B3AE1E9F636C0074783F /* ChatListTableViewCell.m */; };
		06C2B3B21E9F63900074783F /* ChatListViewController.m in Sources */ = {isa = PBXBuildFile; fileRef = 06C2B3B01E9F63900074783F /* ChatListViewController.m */; };
		06C2B3B61E9F65AA0074783F /* AddressListViewController.m in Sources */ = {isa = PBXBuildFile; fileRef = 06C2B3B51E9F65AA0074783F /* AddressListViewController.m */; };
/* End PBXBuildFile section */

/* Begin PBXFileReference section */
		06C2B3921E9E66FD0074783F /* UITableView.app */ = {isa = PBXFileReference; explicitFileType = wrapper.application; includeInIndex = 0; path = UITableView.app; sourceTree = BUILT_PRODUCTS_DIR; };
		06C2B3961E9E66FD0074783F /* main.m */ = {isa = PBXFileReference; lastKnownFileType = sourcecode.c.objc; path = main.m; sourceTree = "<group>"; };
		06C2B3981E9E66FD0074783F /* AppDelegate.h */ = {isa = PBXFileReference; lastKnownFileType = sourcecode.c.h; path = AppDelegate.h; sourceTree = "<group>"; };
		06C2B3991E9E66FD0074783F /* AppDelegate.m */ = {isa = PBXFileReference; lastKnownFileType = sourcecode.c.objc; path = AppDelegate.m; sourceTree = "<group>"; };
		06C2B39F1E9E66FD0074783F /* Base */ = {isa = PBXFileReference; lastKnownFileType = file.storyboard; name = Base; path = Base.lproj/Main.storyboard; sourceTree = "<group>"; };
		06C2B3A11E9E66FD0074783F /* Assets.xcassets */ = {isa = PBXFileReference; lastKnownFileType = folder.assetcatalog; path = Assets.xcassets; sourceTree = "<group>"; };
		06C2B3A41E9E66FD0074783F /* Base */ = {isa = PBXFileReference; lastKnownFileType = file.storyboard; name = Base; path = Base.lproj/LaunchScreen.storyboard; sourceTree = "<group>"; };
		06C2B3A61E9E66FD0074783F /* Info.plist */ = {isa = PBXFileReference; lastKnownFileType = text.plist.xml; path = Info.plist; sourceTree = "<group>"; };
		06C2B3AD1E9F636C0074783F /* ChatListTableViewCell.h */ = {isa = PBXFileReference; fileEncoding = 4; lastKnownFileType = sourcecode.c.h; name = ChatListTableViewCell.h; path = ChatList/ChatListTableViewCell.h; sourceTree = "<group>"; };
		06C2B3AE1E9F636C0074783F /* ChatListTableViewCell.m */ = {isa = PBXFileReference; fileEncoding = 4; lastKnownFileType = sourcecode.c.objc; name = ChatListTableViewCell.m; path = ChatList/ChatListTableViewCell.m; sourceTree = "<group>"; };
		06C2B3B01E9F63900074783F /* ChatListViewController.m */ = {isa = PBXFileReference; fileEncoding = 4; lastKnownFileType = sourcecode.c.objc; name = ChatListViewController.m; path = ChatList/ChatListViewController.m; sourceTree = "<group>"; };
		06C2B3B11E9F63900074783F /* ChatListViewController.h */ = {isa = PBXFileReference; fileEncoding = 4; lastKnownFileType = sourcecode.c.h; name = ChatListViewController.h; path = ChatList/ChatListViewController.h; sourceTree = "<group>"; };
		06C2B3B41E9F65AA0074783F /* AddressListViewController.h */ = {isa = PBXFileReference; fileEncoding = 4; lastKnownFileType = sourcecode.c.h; name = AddressListViewController.h; path = AddressList/AddressListViewController.h; sourceTree = "<group>"; };
		06C2B3B51E9F65AA0074783F /* AddressListViewController.m */ = {isa = PBXFileReference; fileEncoding = 4; lastKnownFileType = sourcecode.c.objc; name = AddressListViewController.m; path = AddressList/AddressListViewController.m; sourceTree = "<group>"; };
/* End PBXFileReference section */

/* Begin PBXFrameworksBuildPhase section */
		06C2B38F1E9E66FD0074783F /* Frameworks */ = {
			isa = PBXFrameworksBuildPhase;
			buildActionMask = 2147483647;
			files = (
			);
			runOnlyForDeploymentPostprocessing = 0;
		};
/* End PBXFrameworksBuildPhase section */

/* Begin PBXGroup section */
		06C2B3891E9E66FD0074783F = {
			isa = PBXGroup;
			children = (
				06C2B3941E9E66FD0074783F /* UITableView */,
				06C2B3931E9E66FD0074783F /* Products */,
			);
			sourceTree = "<group>";
		};
		06C2B3931E9E66FD0074783F /* Products */ = {
			isa = PBXGroup;
			children = (
				06C2B3921E9E66FD0074783F /* UITableView.app */,
			);
			name = Products;
			sourceTree = "<group>";
		};
		06C2B3941E9E66FD0074783F /* UITableView */ = {
			isa = PBXGroup;
			children = (
				06C2B3B31E9F65630074783F /* AddressList */,
				06C2B3AC1E9F631F0074783F /* ChatList */,
				06C2B3981E9E66FD0074783F /* AppDelegate.h */,
				06C2B3991E9E66FD0074783F /* AppDelegate.m */,
				06C2B39E1E9E66FD0074783F /* Main.storyboard */,
				06C2B3A11E9E66FD0074783F /* Assets.xcassets */,
				06C2B3A31E9E66FD0074783F /* LaunchScreen.storyboard */,
				06C2B3A61E9E66FD0074783F /* Info.plist */,
				06C2B3951E9E66FD0074783F /* Supporting Files */,
			);
			path = UITableView;
			sourceTree = "<group>";
		};
		06C2B3951E9E66FD0074783F /* Supporting Files */ = {
			isa = PBXGroup;
			children = (
				06C2B3961E9E66FD0074783F /* main.m */,
			);
			name = "Supporting Files";
			sourceTree = "<group>";
		};
		06C2B3AC1E9F631F0074783F /* ChatList */ = {
			isa = PBXGroup;
			children = (
				06C2B3B11E9F63900074783F /* ChatListViewController.h */,
				06C2B3B01E9F63900074783F /* ChatListViewController.m */,
				06C2B3AD1E9F636C0074783F /* ChatListTableViewCell.h */,
				06C2B3AE1E9F636C0074783F /* ChatListTableViewCell.m */,
			);
			name = ChatList;
			sourceTree = "<group>";
		};
		06C2B3B31E9F65630074783F /* AddressList */ = {
			isa = PBXGroup;
			children = (
				06C2B3B41E9F65AA0074783F /* AddressListViewController.h */,
				06C2B3B51E9F65AA0074783F /* AddressListViewController.m */,
			);
			name = AddressList;
			sourceTree = "<group>";
		};
/* End PBXGroup section */

/* Begin PBXNativeTarget section */
		06C2B3911E9E66FD0074783F /* UITableView */ = {
			isa = PBXNativeTarget;
			buildConfigurationList = 06C2B3A91E9E66FD0074783F /* Build configuration list for PBXNativeTarget "UITableView" */;
			buildPhases = (
				06C2B38E1E9E66FD0074783F /* Sources */,
				06C2B38F1E9E66FD0074783F /* Frameworks */,
				06C2B3901E9E66FD0074783F /* Resources */,
			);
			buildRules = (
			);
			dependencies = (
			);
			name = UITableView;
			productName = UITableView;
			productReference = 06C2B3921E9E66FD0074783F /* UITableView.app */;
			productType = "com.apple.product-type.application";
		};
/* End PBXNativeTarget section */

/* Begin PBXProject section */
		06C2B38A1E9E66FD0074783F /* Project object */ = {
			isa = PBXProject;
			attributes = {
				LastUpgradeCheck = 0830;
				ORGANIZATIONNAME = "李达";
				TargetAttributes = {
					06C2B3911E9E66FD0074783F = {
						CreatedOnToolsVersion = 8.3;
						DevelopmentTeam = 649YL6VHKC;
						ProvisioningStyle = Automatic;
					};
				};
			};
			buildConfigurationList = 06C2B38D1E9E66FD0074783F /* Build configuration list for PBXProject "UITableView" */;
			compatibilityVersion = "Xcode 3.2";
			developmentRegion = English;
			hasScannedForEncodings = 0;
			knownRegions = (
				en,
				Base,
			);
			mainGroup = 06C2B3891E9E66FD0074783F;
			productRefGroup = 06C2B3931E9E66FD0074783F /* Products */;
			projectDirPath = "";
			projectRoot = "";
			targets = (
				06C2B3911E9E66FD0074783F /* UITableView */,
			);
		};
/* End PBXProject section */

/* Begin PBXResourcesBuildPhase section */
		06C2B3901E9E66FD0074783F /* Resources */ = {
			isa = PBXResourcesBuildPhase;
			buildActionMask = 2147483647;
			files = (
				06C2B3A51E9E66FD0074783F /* LaunchScreen.storyboard in Resources */,
				06C2B3A21E9E66FD0074783F /* Assets.xcassets in Resources */,
				06C2B3A01E9E66FD0074783F /* Main.storyboard in Resources */,
			);
			runOnlyForDeploymentPostprocessing = 0;
		};
/* End PBXResourcesBuildPhase section */

/* Begin PBXSourcesBuildPhase section */
		06C2B38E1E9E66FD0074783F /* Sources */ = {
			isa = PBXSourcesBuildPhase;
			buildActionMask = 2147483647;
			files = (
				06C2B3AF1E9F636C0074783F /* ChatListTableViewCell.m in Sources */,
				06C2B39A1E9E66FD0074783F /* AppDelegate.m in Sources */,
				06C2B3B21E9F63900074783F /* ChatListViewController.m in Sources */,
				06C2B3971E9E66FD0074783F /* main.m in Sources */,
				06C2B3B61E9F65AA0074783F /* AddressListViewController.m in Sources */,
			);
			runOnlyForDeploymentPostprocessing = 0;
		};
/* End PBXSourcesBuildPhase section */

/* Begin PBXVariantGroup section */
		06C2B39E1E9E66FD0074783F /* Main.storyboard */ = {
			isa = PBXVariantGroup;
			children = (
				06C2B39F1E9E66FD0074783F /* Base */,
			);
			name = Main.storyboard;
			sourceTree = "<group>";
		};
		06C2B3A31E9E66FD0074783F /* LaunchScreen.storyboard */ = {
			isa = PBXVariantGroup;
			children = (
				06C2B3A41E9E66FD0074783F /* Base */,
			);
			name = LaunchScreen.storyboard;
			sourceTree = "<group>";
		};
/* End PBXVariantGroup section */

/* Begin XCBuildConfiguration section */
		06C2B3A71E9E66FD0074783F /* Debug */ = {
			isa = XCBuildConfiguration;
			buildSettings = {
				ALWAYS_SEARCH_USER_PATHS = NO;
				CLANG_ANALYZER_NONNULL = YES;
				CLANG_ANALYZER_NUMBER_OBJECT_CONVERSION = YES_AGGRESSIVE;
				CLANG_CXX_LANGUAGE_STANDARD = "gnu++0x";
				CLANG_CXX_LIBRARY = "libc++";
				CLANG_ENABLE_MODULES = YES;
				CLANG_ENABLE_OBJC_ARC = YES;
				CLANG_WARN_BOOL_CONVERSION = YES;
				CLANG_WARN_CONSTANT_CONVERSION = YES;
				CLANG_WARN_DIRECT_OBJC_ISA_USAGE = YES_ERROR;
				CLANG_WARN_DOCUMENTATION_COMMENTS = YES;
				CLANG_WARN_EMPTY_BODY = YES;
				CLANG_WARN_ENUM_CONVERSION = YES;
				CLANG_WARN_INFINITE_RECURSION = YES;
				CLANG_WARN_INT_CONVERSION = YES;
				CLANG_WARN_OBJC_ROOT_CLASS = YES_ERROR;
				CLANG_WARN_SUSPICIOUS_MOVE = YES;
				CLANG_WARN_UNREACHABLE_CODE = YES;
				CLANG_WARN__DUPLICATE_METHOD_MATCH = YES;
				"CODE_SIGN_IDENTITY[sdk=iphoneos*]" = "iPhone Developer";
				COPY_PHASE_STRIP = NO;
				DEBUG_INFORMATION_FORMAT = dwarf;
				ENABLE_STRICT_OBJC_MSGSEND = YES;
				ENABLE_TESTABILITY = YES;
				GCC_C_LANGUAGE_STANDARD = gnu99;
				GCC_DYNAMIC_NO_PIC = NO;
				GCC_NO_COMMON_BLOCKS = YES;
				GCC_OPTIMIZATION_LEVEL = 0;
				GCC_PREPROCESSOR_DEFINITIONS = (
					"DEBUG=1",
					"$(inherited)",
				);
				GCC_WARN_64_TO_32_BIT_CONVERSION = YES;
				GCC_WARN_ABOUT_RETURN_TYPE = YES_ERROR;
				GCC_WARN_UNDECLARED_SELECTOR = YES;
				GCC_WARN_UNINITIALIZED_AUTOS = YES_AGGRESSIVE;
				GCC_WARN_UNUSED_FUNCTION = YES;
				GCC_WARN_UNUSED_VARIABLE = YES;
				IPHONEOS_DEPLOYMENT_TARGET = 10.3;
				MTL_ENABLE_DEBUG_INFO = YES;
				ONLY_ACTIVE_ARCH = YES;
				SDKROOT = iphoneos;
			};
			name = Debug;
		};
		06C2B3A81E9E66FD0074783F /* Release */ = {
			isa = XCBuildConfiguration;
			buildSettings = {
				ALWAYS_SEARCH_USER_PATHS = NO;
				CLANG_ANALYZER_NONNULL = YES;
				CLANG_ANALYZER_NUMBER_OBJECT_CONVERSION = YES_AGGRESSIVE;
				CLANG_CXX_LANGUAGE_STANDARD = "gnu++0x";
				CLANG_CXX_LIBRARY = "libc++";
				CLANG_ENABLE_MODULES = YES;
				CLANG_ENABLE_OBJC_ARC = YES;
				CLANG_WARN_BOOL_CONVERSION = YES;
				CLANG_WARN_CONSTANT_CONVERSION = YES;
				CLANG_WARN_DIRECT_OBJC_ISA_USAGE = YES_ERROR;
				CLANG_WARN_DOCUMENTATION_COMMENTS = YES;
				CLANG_WARN_EMPTY_BODY = YES;
				CLANG_WARN_ENUM_CONVERSION = YES;
				CLANG_WARN_INFINITE_RECURSION = YES;
				CLANG_WARN_INT_CONVERSION = YES;
				CLANG_WARN_OBJC_ROOT_CLASS = YES_ERROR;
				CLANG_WARN_SUSPICIOUS_MOVE = YES;
				CLANG_WARN_UNREACHABLE_CODE = YES;
				CLANG_WARN__DUPLICATE_METHOD_MATCH = YES;
				"CODE_SIGN_IDENTITY[sdk=iphoneos*]" = "iPhone Developer";
				COPY_PHASE_STRIP = NO;
				DEBUG_INFORMATION_FORMAT = "dwarf-with-dsym";
				ENABLE_NS_ASSERTIONS = NO;
				ENABLE_STRICT_OBJC_MSGSEND = YES;
				GCC_C_LANGUAGE_STANDARD = gnu99;
				GCC_NO_COMMON_BLOCKS = YES;
				GCC_WARN_64_TO_32_BIT_CONVERSION = YES;
				GCC_WARN_ABOUT_RETURN_TYPE = YES_ERROR;
				GCC_WARN_UNDECLARED_SELECTOR = YES;
				GCC_WARN_UNINITIALIZED_AUTOS = YES_AGGRESSIVE;
				GCC_WARN_UNUSED_FUNCTION = YES;
				GCC_WARN_UNUSED_VARIABLE = YES;
				IPHONEOS_DEPLOYMENT_TARGET = 10.3;
				MTL_ENABLE_DEBUG_INFO = NO;
				SDKROOT = iphoneos;
				VALIDATE_PRODUCT = YES;
			};
			name = Release;
		};
		06C2B3AA1E9E66FD0074783F /* Debug */ = {
			isa = XCBuildConfiguration;
			buildSettings = {
				ASSETCATALOG_COMPILER_APPICON_NAME = AppIcon;
				DEVELOPMENT_TEAM = 649YL6VHKC;
				INFOPLIST_FILE = UITableView/Info.plist;
				LD_RUNPATH_SEARCH_PATHS = "$(inherited) @executable_path/Frameworks";
				PRODUCT_BUNDLE_IDENTIFIER = freedani.UITableView;
				PRODUCT_NAME = "$(TARGET_NAME)";
			};
			name = Debug;
		};
		06C2B3AB1E9E66FD0074783F /* Release */ = {
			isa = XCBuildConfiguration;
			buildSettings = {
				ASSETCATALOG_COMPILER_APPICON_NAME = AppIcon;
				DEVELOPMENT_TEAM = 649YL6VHKC;
				INFOPLIST_FILE = UITableView/Info.plist;
				LD_RUNPATH_SEARCH_PATHS = "$(inherited) @executable_path/Frameworks";
				PRODUCT_BUNDLE_IDENTIFIER = freedani.UITableView;
				PRODUCT_NAME = "$(TARGET_NAME)";
			};
			name = Release;
		};
/* End XCBuildConfiguration section */

/* Begin XCConfigurationList section */
		06C2B38D1E9E66FD0074783F /* Build configuration list for PBXProject "UITableView" */ = {
			isa = XCConfigurationList;
			buildConfigurations = (
				06C2B3A71E9E66FD0074783F /* Debug */,
				06C2B3A81E9E66FD0074783F /* Release */,
			);
			defaultConfigurationIsVisible = 0;
			defaultConfigurationName = Release;
		};
		06C2B3A91E9E66FD0074783F /* Build configuration list for PBXNativeTarget "UITableView" */ = {
			isa = XCConfigurationList;
			buildConfigurations = (
				06C2B3AA1E9E66FD0074783F /* Debug */,
				06C2B3AB1E9E66FD0074783F /* Release */,
			);
			defaultConfigurationIsVisible = 0;
			defaultConfigurationName = Release;
		};
/* End XCConfigurationList section */
	};
	rootObject = 06C2B38A1E9E66FD0074783F /* Project object */;
}
